
Microsoft Visual Studio Solution File, Format Version 12.00
# Visual Studio Version 17
VisualStudioVersion = 17.12.35506.116
MinimumVisualStudioVersion = 10.0.40219.1
Project("{FAE04EC0-301F-11D3-BF4B-00C04F79EFBC}") = "ConsoleApp1", "ConsoleApp1\ConsoleApp1.csproj", "{283B005E-2C31-40A9-BCD6-0C8289996966}"
EndProject
Project("{FAE04EC0-301F-11D3-BF4B-00C04F79EFBC}") = "Zadanie 4.1", "Zadanie 4.1\Zadanie 4.1.csproj", "{CDD1FF2C-B562-4883-A7CF-B66BD4725E6C}"
EndProject
Project("{FAE04EC0-301F-11D3-BF4B-00C04F79EFBC}") = "Zadanie 4.2", "Zadanie 4.2\Zadanie 4.2.csproj", "{DA3AC5C7-0C0C-4711-A191-AA8FD98EB55D}"
EndProject
Project("{FAE04EC0-301F-11D3-BF4B-00C04F79EFBC}") = "Zadanie 4.3", "Zadanie 4.3\Zadanie 4.3.csproj", "{686F1C58-8747-4CA8-BDA6-66B85B647CE2}"
EndProject
Project("{FAE04EC0-301F-11D3-BF4B-00C04F79EFBC}") = "Zadanie 4.4", "Zadanie 4.4\Zadanie 4.4.csproj", "{771E274B-4D9B-40E9-934B-69D485259AF8}"
EndProject
Project("{FAE04EC0-301F-11D3-BF4B-00C04F79EFBC}") = "Zadanie 4.5", "Zadanie 4.5\Zadanie 4.5.csproj", "{93BF3849-42E5-497E-9895-161E039E3222}"
EndProject
Project("{FAE04EC0-301F-11D3-BF4B-00C04F79EFBC}") = "Zadanie 4.6", "Zadanie 4.6\Zadanie 4.6.csproj", "{2522369C-07F2-4D91-B855-817E67402A82}"
EndProject
Global
	GlobalSection(SolutionConfigurationPlatforms) = preSolution
		Debug|Any CPU = Debug|Any CPU
		Release|Any CPU = Release|Any CPU
	EndGlobalSection
	GlobalSection(ProjectConfigurationPlatforms) = postSolution
		{283B005E-2C31-40A9-BCD6-0C8289996966}.Debug|Any CPU.ActiveCfg = Debug|Any CPU
		{283B005E-2C31-40A9-BCD6-0C8289996966}.Debug|Any CPU.Build.0 = Debug|Any CPU
		{283B005E-2C31-40A9-BCD6-0C8289996966}.Release|Any CPU.ActiveCfg = Release|Any CPU
		{283B005E-2C31-40A9-BCD6-0C8289996966}.Release|Any CPU.Build.0 = Release|Any CPU
		{CDD1FF2C-B562-4883-A7CF-B66BD4725E6C}.Debug|Any CPU.ActiveCfg = Debug|Any CPU
		{CDD1FF2C-B562-4883-A7CF-B66BD4725E6C}.Debug|Any CPU.Build.0 = Debug|Any CPU
		{CDD1FF2C-B562-4883-A7CF-B66BD4725E6C}.Release|Any CPU.ActiveCfg = Release|Any CPU
		{CDD1FF2C-B562-4883-A7CF-B66BD4725E6C}.Release|Any CPU.Build.0 = Release|Any CPU
		{DA3AC5C7-0C0C-4711-A191-AA8FD98EB55D}.Debug|Any CPU.ActiveCfg = Debug|Any CPU
		{DA3AC5C7-0C0C-4711-A191-AA8FD98EB55D}.Debug|Any CPU.Build.0 = Debug|Any CPU
		{DA3AC5C7-0C0C-4711-A191-AA8FD98EB55D}.Release|Any CPU.ActiveCfg = Release|Any CPU
		{DA3AC5C7-0C0C-4711-A191-AA8FD98EB55D}.Release|Any CPU.Build.0 = Release|Any CPU
		{686F1C58-8747-4CA8-BDA6-66B85B647CE2}.Debug|Any CPU.ActiveCfg = Debug|Any CPU
		{686F1C58-8747-4CA8-BDA6-66B85B647CE2}.Debug|Any CPU.Build.0 = Debug|Any CPU
		{686F1C58-8747-4CA8-BDA6-66B85B647CE2}.Release|Any CPU.ActiveCfg = Release|Any CPU
		{686F1C58-8747-4CA8-BDA6-66B85B647CE2}.Release|Any CPU.Build.0 = Release|Any CPU
		{771E274B-4D9B-40E9-934B-69D485259AF8}.Debug|Any CPU.ActiveCfg = Debug|Any CPU
		{771E274B-4D9B-40E9-934B-69D485259AF8}.Debug|Any CPU.Build.0 = Debug|Any CPU
		{771E274B-4D9B-40E9-934B-69D485259AF8}.Release|Any CPU.ActiveCfg = Release|Any CPU
		{771E274B-4D9B-40E9-934B-69D485259AF8}.Release|Any CPU.Build.0 = Release|Any CPU
		{93BF3849-42E5-497E-9895-161E039E3222}.Debug|Any CPU.ActiveCfg = Debug|Any CPU
		{93BF3849-42E5-497E-9895-161E039E3222}.Debug|Any CPU.Build.0 = Debug|Any CPU
		{93BF3849-42E5-497E-9895-161E039E3222}.Release|Any CPU.ActiveCfg = Release|Any CPU
		{93BF3849-42E5-497E-9895-161E039E3222}.Release|Any CPU.Build.0 = Release|Any CPU
		{2522369C-07F2-4D91-B855-817E67402A82}.Debug|Any CPU.ActiveCfg = Debug|Any CPU
		{2522369C-07F2-4D91-B855-817E67402A82}.Debug|Any CPU.Build.0 = Debug|Any CPU
		{2522369C-07F2-4D91-B855-817E67402A82}.Release|Any CPU.ActiveCfg = Release|Any CPU
		{2522369C-07F2-4D91-B855-817E67402A82}.Release|Any CPU.Build.0 = Release|Any CPU
	EndGlobalSection
	GlobalSection(SolutionProperties) = preSolution
		HideSolutionNode = FALSE
	EndGlobalSection
	GlobalSection(ExtensibilityGlobals) = postSolution
		SolutionGuid = {8338DFE6-9D73-41F1-9567-62064BD4594A}
	EndGlobalSection
EndGlobal
